
Microsoft Visual Studio Solution File, Format Version 12.00
# Visual Studio 15
VisualStudioVersion = 15.0.28307.572
MinimumVisualStudioVersion = 10.0.40219.1
Project("{FAE04EC0-301F-11D3-BF4B-00C04F79EFBC}") = "WebApplication4", "WebApplication4\WebApplication4.csproj", "{835804AF-E897-498D-800A-D2708854CC10}"
EndProject
Global
	GlobalSection(SolutionConfigurationPlatforms) = preSolution
		Debug|Any CPU = Debug|Any CPU
		Release|Any CPU = Release|Any CPU
	EndGlobalSection
	GlobalSection(ProjectConfigurationPlatforms) = postSolution
		{835804AF-E897-498D-800A-D2708854CC10}.Debug|Any CPU.ActiveCfg = Debug|Any CPU
		{835804AF-E897-498D-800A-D2708854CC10}.Debug|Any CPU.Build.0 = Debug|Any CPU
		{835804AF-E897-498D-800A-D2708854CC10}.Release|Any CPU.ActiveCfg = Release|Any CPU
		{835804AF-E897-498D-800A-D2708854CC10}.Release|Any CPU.Build.0 = Release|Any CPU
	EndGlobalSection
	GlobalSection(SolutionProperties) = preSolution
		HideSolutionNode = FALSE
	EndGlobalSection
	GlobalSection(ExtensibilityGlobals) = postSolution
		SolutionGuid = {D7C3994A-4C3C-47B1-9C51-F968A4EBBA1A}
	EndGlobalSection
EndGlobal
